
Microsoft Visual Studio Solution File, Format Version 12.00
# Visual Studio 14
VisualStudioVersion = 14.0.25420.1
MinimumVisualStudioVersion = 10.0.40219.1
Project("{2150E333-8FDC-42A3-9474-1A3956D46DE8}") = "src", "src", "{4D404B39-B214-4F8D-A45A-EDBC28D36712}"
EndProject
Project("{2150E333-8FDC-42A3-9474-1A3956D46DE8}") = "tests", "tests", "{E985F438-F46B-48A0-9EED-5D201BEEC192}"
EndProject
Project("{2150E333-8FDC-42A3-9474-1A3956D46DE8}") = "Solution Items", "Solution Items", "{73B14C83-77FF-47EC-BDFD-2491CA21620D}"
	ProjectSection(SolutionItems) = preProject
		.gitattributes = .gitattributes
		.gitignore = .gitignore
		.travis.yml = .travis.yml
		appveyor.yml = appveyor.yml
		build.ps1 = build.ps1
		build.sh = build.sh
		global.json = global.json
		LICENSE = LICENSE
		README.md = README.md
	EndProjectSection
EndProject
Project("{8BB2217D-0F2D-49D1-97BC-3654ED321F3B}") = "Extensions", "src\Extensions\Extensions.xproj", "{821A9D2C-C092-441F-8C0B-1418AFB13777}"
EndProject
Project("{8BB2217D-0F2D-49D1-97BC-3654ED321F3B}") = "Extensions.Tests", "tests\Extensions.Tests\Extensions.Tests.xproj", "{C5FE00E7-86EA-4CF9-A72E-9656019EB207}"
EndProject
Global
	GlobalSection(SolutionConfigurationPlatforms) = preSolution
		Debug|Any CPU = Debug|Any CPU
		Release|Any CPU = Release|Any CPU
	EndGlobalSection
	GlobalSection(ProjectConfigurationPlatforms) = postSolution
		{821A9D2C-C092-441F-8C0B-1418AFB13777}.Debug|Any CPU.ActiveCfg = Debug|Any CPU
		{821A9D2C-C092-441F-8C0B-1418AFB13777}.Debug|Any CPU.Build.0 = Debug|Any CPU
		{821A9D2C-C092-441F-8C0B-1418AFB13777}.Release|Any CPU.ActiveCfg = Release|Any CPU
		{821A9D2C-C092-441F-8C0B-1418AFB13777}.Release|Any CPU.Build.0 = Release|Any CPU
		{C5FE00E7-86EA-4CF9-A72E-9656019EB207}.Debug|Any CPU.ActiveCfg = Debug|Any CPU
		{C5FE00E7-86EA-4CF9-A72E-9656019EB207}.Debug|Any CPU.Build.0 = Debug|Any CPU
		{C5FE00E7-86EA-4CF9-A72E-9656019EB207}.Release|Any CPU.ActiveCfg = Release|Any CPU
		{C5FE00E7-86EA-4CF9-A72E-9656019EB207}.Release|Any CPU.Build.0 = Release|Any CPU
	EndGlobalSection
	GlobalSection(SolutionProperties) = preSolution
		HideSolutionNode = FALSE
	EndGlobalSection
	GlobalSection(NestedProjects) = preSolution
		{821A9D2C-C092-441F-8C0B-1418AFB13777} = {4D404B39-B214-4F8D-A45A-EDBC28D36712}
		{C5FE00E7-86EA-4CF9-A72E-9656019EB207} = {E985F438-F46B-48A0-9EED-5D201BEEC192}
	EndGlobalSection
EndGlobal
